
Microsoft Visual Studio Solution File, Format Version 12.00
Project("{2150E333-8FDC-42A3-9474-1A3956D46DE8}") = "src", "src", "{1F253C40-620E-47A6-A85E-0F7EC1D33D3B}"
EndProject
Project("{2150E333-8FDC-42A3-9474-1A3956D46DE8}") = "test", "test", "{CC5B1F12-DC56-452B-95A9-E7927B011388}"
EndProject
Project("{2150E333-8FDC-42A3-9474-1A3956D46DE8}") = "deploy", "deploy", "{13ABF460-2024-4387-89C6-9DCE83BF78A6}"
EndProject
Project("{2150E333-8FDC-42A3-9474-1A3956D46DE8}") = "docker", "docker", "{09084241-ABFC-4AB6-933A-78E86D840DF2}"
	ProjectSection(SolutionItems) = preProject
		deploy\docker\docker-compose-local.yml = deploy\docker\docker-compose-local.yml
	EndProjectSection
EndProject
Project("{2150E333-8FDC-42A3-9474-1A3956D46DE8}") = "1 - Presentation", "1 - Presentation", "{467485EE-5951-4388-BE28-C9A08A150FE8}"
EndProject
Project("{2150E333-8FDC-42A3-9474-1A3956D46DE8}") = "2 - Application", "2 - Application", "{AF994BA4-E8CC-4710-AD7E-B23B51D86749}"
EndProject
Project("{2150E333-8FDC-42A3-9474-1A3956D46DE8}") = "3 - Domain", "3 - Domain", "{B492D7EE-06D7-4A72-B5B9-EC8196FFE0A9}"
EndProject
Project("{2150E333-8FDC-42A3-9474-1A3956D46DE8}") = "4 - Infra", "4 - Infra", "{84EAE2CA-CEDC-4BE5-9348-02FFFA94E269}"
EndProject
Project("{2150E333-8FDC-42A3-9474-1A3956D46DE8}") = "Data", "Data", "{6CACC3A0-7F85-46C0-AF26-DC1F723E9F27}"
EndProject
Project("{2150E333-8FDC-42A3-9474-1A3956D46DE8}") = "CrossCutting", "CrossCutting", "{76248D2C-8BF3-4B5E-9850-9B8CA80513A4}"
EndProject
Project("{FAE04EC0-301F-11D3-BF4B-00C04F79EFBC}") = "EF.Api", "src\EF.Api\EF.Api.csproj", "{F65C4120-EAD2-425B-9245-5C9EC894D5C6}"
EndProject
Project("{FAE04EC0-301F-11D3-BF4B-00C04F79EFBC}") = "EF.Pedidos.Application", "src\EF.Pedidos.Application\EF.Pedidos.Application.csproj", "{B1996BE0-FC83-4668-850A-C433B222B114}"
EndProject
Project("{FAE04EC0-301F-11D3-BF4B-00C04F79EFBC}") = "EF.Commons.Domain", "src\EF.Commons.Domain\EF.Commons.Domain.csproj", "{55B37AB9-80E4-4185-A3FC-4837F71DA3E3}"
EndProject
Project("{FAE04EC0-301F-11D3-BF4B-00C04F79EFBC}") = "EF.Pedidos.Domain", "src\EF.Pedidos.Domain\EF.Pedidos.Domain.csproj", "{F46C2F59-662B-4AD3-81CA-19B75E086207}"
EndProject
Project("{FAE04EC0-301F-11D3-BF4B-00C04F79EFBC}") = "EF.Infra.CrossCutting.WebApiCore", "src\EF.Infra.CrossCutting.WebApiCore\EF.Infra.CrossCutting.WebApiCore.csproj", "{16F43D3E-65E6-4C91-AB3A-88036234EABF}"
EndProject
Project("{FAE04EC0-301F-11D3-BF4B-00C04F79EFBC}") = "EF.Pedidos.Infra.Data", "src\EF.Pedidos.Infra.Data\EF.Pedidos.Infra.Data.csproj", "{A50C5711-4E00-4840-BE10-DE00FD25AFA2}"
EndProject
Project("{2150E333-8FDC-42A3-9474-1A3956D46DE8}") = "2 - Application", "2 - Application", "{321B399D-05EF-44E3-BB43-87A4F64A8DC4}"
EndProject
Project("{2150E333-8FDC-42A3-9474-1A3956D46DE8}") = "3 - Domain", "3 - Domain", "{A35E9BE7-6B4B-4724-B631-EBD6896476F0}"
EndProject
Project("{FAE04EC0-301F-11D3-BF4B-00C04F79EFBC}") = "EF.Pedidos.Domain.Test", "test\EF.Pedidos.Domain.Test\EF.Pedidos.Domain.Test.csproj", "{F8B155C7-0B19-4105-BDF7-74CBDF4FD703}"
EndProject
Project("{FAE04EC0-301F-11D3-BF4B-00C04F79EFBC}") = "EF.Pedidos.Application.Test", "test\EF.Pedidos.Application.Test\EF.Pedidos.Application.Test.csproj", "{661ED264-40E0-43EE-848E-FA3CEF9C83EB}"
EndProject
Global
	GlobalSection(SolutionConfigurationPlatforms) = preSolution
		Debug|Any CPU = Debug|Any CPU
		Release|Any CPU = Release|Any CPU
	EndGlobalSection
	GlobalSection(NestedProjects) = preSolution
		{09084241-ABFC-4AB6-933A-78E86D840DF2} = {13ABF460-2024-4387-89C6-9DCE83BF78A6}
		{467485EE-5951-4388-BE28-C9A08A150FE8} = {1F253C40-620E-47A6-A85E-0F7EC1D33D3B}
		{AF994BA4-E8CC-4710-AD7E-B23B51D86749} = {1F253C40-620E-47A6-A85E-0F7EC1D33D3B}
		{B492D7EE-06D7-4A72-B5B9-EC8196FFE0A9} = {1F253C40-620E-47A6-A85E-0F7EC1D33D3B}
		{84EAE2CA-CEDC-4BE5-9348-02FFFA94E269} = {1F253C40-620E-47A6-A85E-0F7EC1D33D3B}
		{6CACC3A0-7F85-46C0-AF26-DC1F723E9F27} = {84EAE2CA-CEDC-4BE5-9348-02FFFA94E269}
		{76248D2C-8BF3-4B5E-9850-9B8CA80513A4} = {84EAE2CA-CEDC-4BE5-9348-02FFFA94E269}
		{F65C4120-EAD2-425B-9245-5C9EC894D5C6} = {467485EE-5951-4388-BE28-C9A08A150FE8}
		{B1996BE0-FC83-4668-850A-C433B222B114} = {AF994BA4-E8CC-4710-AD7E-B23B51D86749}
		{55B37AB9-80E4-4185-A3FC-4837F71DA3E3} = {B492D7EE-06D7-4A72-B5B9-EC8196FFE0A9}
		{F46C2F59-662B-4AD3-81CA-19B75E086207} = {B492D7EE-06D7-4A72-B5B9-EC8196FFE0A9}
		{16F43D3E-65E6-4C91-AB3A-88036234EABF} = {76248D2C-8BF3-4B5E-9850-9B8CA80513A4}
		{A50C5711-4E00-4840-BE10-DE00FD25AFA2} = {6CACC3A0-7F85-46C0-AF26-DC1F723E9F27}
		{321B399D-05EF-44E3-BB43-87A4F64A8DC4} = {CC5B1F12-DC56-452B-95A9-E7927B011388}
		{A35E9BE7-6B4B-4724-B631-EBD6896476F0} = {CC5B1F12-DC56-452B-95A9-E7927B011388}
		{F8B155C7-0B19-4105-BDF7-74CBDF4FD703} = {A35E9BE7-6B4B-4724-B631-EBD6896476F0}
		{661ED264-40E0-43EE-848E-FA3CEF9C83EB} = {321B399D-05EF-44E3-BB43-87A4F64A8DC4}
	EndGlobalSection
	GlobalSection(ProjectConfigurationPlatforms) = postSolution
		{F65C4120-EAD2-425B-9245-5C9EC894D5C6}.Debug|Any CPU.ActiveCfg = Debug|Any CPU
		{F65C4120-EAD2-425B-9245-5C9EC894D5C6}.Debug|Any CPU.Build.0 = Debug|Any CPU
		{F65C4120-EAD2-425B-9245-5C9EC894D5C6}.Release|Any CPU.ActiveCfg = Release|Any CPU
		{F65C4120-EAD2-425B-9245-5C9EC894D5C6}.Release|Any CPU.Build.0 = Release|Any CPU
		{B1996BE0-FC83-4668-850A-C433B222B114}.Debug|Any CPU.ActiveCfg = Debug|Any CPU
		{B1996BE0-FC83-4668-850A-C433B222B114}.Debug|Any CPU.Build.0 = Debug|Any CPU
		{B1996BE0-FC83-4668-850A-C433B222B114}.Release|Any CPU.ActiveCfg = Release|Any CPU
		{B1996BE0-FC83-4668-850A-C433B222B114}.Release|Any CPU.Build.0 = Release|Any CPU
		{55B37AB9-80E4-4185-A3FC-4837F71DA3E3}.Debug|Any CPU.ActiveCfg = Debug|Any CPU
		{55B37AB9-80E4-4185-A3FC-4837F71DA3E3}.Debug|Any CPU.Build.0 = Debug|Any CPU
		{55B37AB9-80E4-4185-A3FC-4837F71DA3E3}.Release|Any CPU.ActiveCfg = Release|Any CPU
		{55B37AB9-80E4-4185-A3FC-4837F71DA3E3}.Release|Any CPU.Build.0 = Release|Any CPU
		{F46C2F59-662B-4AD3-81CA-19B75E086207}.Debug|Any CPU.ActiveCfg = Debug|Any CPU
		{F46C2F59-662B-4AD3-81CA-19B75E086207}.Debug|Any CPU.Build.0 = Debug|Any CPU
		{F46C2F59-662B-4AD3-81CA-19B75E086207}.Release|Any CPU.ActiveCfg = Release|Any CPU
		{F46C2F59-662B-4AD3-81CA-19B75E086207}.Release|Any CPU.Build.0 = Release|Any CPU
		{16F43D3E-65E6-4C91-AB3A-88036234EABF}.Debug|Any CPU.ActiveCfg = Debug|Any CPU
		{16F43D3E-65E6-4C91-AB3A-88036234EABF}.Debug|Any CPU.Build.0 = Debug|Any CPU
		{16F43D3E-65E6-4C91-AB3A-88036234EABF}.Release|Any CPU.ActiveCfg = Release|Any CPU
		{16F43D3E-65E6-4C91-AB3A-88036234EABF}.Release|Any CPU.Build.0 = Release|Any CPU
		{A50C5711-4E00-4840-BE10-DE00FD25AFA2}.Debug|Any CPU.ActiveCfg = Debug|Any CPU
		{A50C5711-4E00-4840-BE10-DE00FD25AFA2}.Debug|Any CPU.Build.0 = Debug|Any CPU
		{A50C5711-4E00-4840-BE10-DE00FD25AFA2}.Release|Any CPU.ActiveCfg = Release|Any CPU
		{A50C5711-4E00-4840-BE10-DE00FD25AFA2}.Release|Any CPU.Build.0 = Release|Any CPU
		{F8B155C7-0B19-4105-BDF7-74CBDF4FD703}.Debug|Any CPU.ActiveCfg = Debug|Any CPU
		{F8B155C7-0B19-4105-BDF7-74CBDF4FD703}.Debug|Any CPU.Build.0 = Debug|Any CPU
		{F8B155C7-0B19-4105-BDF7-74CBDF4FD703}.Release|Any CPU.ActiveCfg = Release|Any CPU
		{F8B155C7-0B19-4105-BDF7-74CBDF4FD703}.Release|Any CPU.Build.0 = Release|Any CPU
		{661ED264-40E0-43EE-848E-FA3CEF9C83EB}.Debug|Any CPU.ActiveCfg = Debug|Any CPU
		{661ED264-40E0-43EE-848E-FA3CEF9C83EB}.Debug|Any CPU.Build.0 = Debug|Any CPU
		{661ED264-40E0-43EE-848E-FA3CEF9C83EB}.Release|Any CPU.ActiveCfg = Release|Any CPU
		{661ED264-40E0-43EE-848E-FA3CEF9C83EB}.Release|Any CPU.Build.0 = Release|Any CPU
	EndGlobalSection
EndGlobal
